<?xml version="1.0" encoding="utf-8"?>
<Project ToolsVersion="4.0" xmlns="http://schemas.microsoft.com/developer/msbuild/2003">
  <ItemGroup>
    <Filter Include="Inc">
      <UniqueIdentifier>{6531b2f1-c164-4873-bd1b-249b211b564a}</UniqueIdentifier>
    </Filter>
    <Filter Include="Src">
      <UniqueIdentifier>{8c72a628-dc9f-4c3e-8f72-f89d07948b24}</UniqueIdentifier>
    </Filter>
    <Filter Include="Resource Files">
      <UniqueIdentifier>{25081b57-0e8d-405b-8dd7-fc85e949e8db}</UniqueIdentifier>
    </Filter>
  </ItemGroup>
  <ItemGroup>
    <ClCompile Include="Src\ClientMain.cpp">
      <Filter>Src</Filter>
    </ClCompile>
    <ClCompile Include="Src\RoboCatClientPCH.cpp">
      <Filter>Src</Filter>
    </ClCompile>
    <ClCompile Include="Src\Client.cpp">
      <Filter>Src</Filter>
    </ClCompile>
    <ClCompile Include="Src\GraphicsDriver.cpp">
      <Filter>Src</Filter>
    </ClCompile>
    <ClCompile Include="Src\RenderManager.cpp">
      <Filter>Src</Filter>
    </ClCompile>
    <ClCompile Include="Src\SpriteComponent.cpp">
      <Filter>Src</Filter>
    </ClCompile>
    <ClCompile Include="Src\TextureManager.cpp">
      <Filter>Src</Filter>
    </ClCompile>
    <ClCompile Include="Src\WindowManager.cpp">
      <Filter>Src</Filter>
    </ClCompile>
    <ClCompile Include="Src\HUD.cpp">
      <Filter>Src</Filter>
    </ClCompile>
    <ClCompile Include="Src\Texture.cpp">
      <Filter>Src</Filter>
    </ClCompile>
    <ClCompile Include="Src\InputManager.cpp">
      <Filter>Src</Filter>
    </ClCompile>
    <ClCompile Include="Src\NetworkManagerClient.cpp">
      <Filter>Src</Filter>
    </ClCompile>
    <ClCompile Include="Src\ReplicationManagerClient.cpp">
      <Filter>Src</Filter>
    </ClCompile>
    <ClCompile Include="Src\RoboCatClient.cpp">
      <Filter>Src</Filter>
    </ClCompile>
    <ClCompile Include="Src\MouseClient.cpp">
      <Filter>Src</Filter>
    </ClCompile>
    <ClCompile Include="Src\YarnClient.cpp">
      <Filter>Src</Filter>
    </ClCompile>
  </ItemGroup>
  <ItemGroup>
    <ClInclude Include="Inc\RoboCatClientPCH.h">
      <Filter>Inc</Filter>
    </ClInclude>
    <ClInclude Include="Inc\Client.h">
      <Filter>Inc</Filter>
    </ClInclude>
    <ClInclude Include="Inc\GraphicsDriver.h">
      <Filter>Inc</Filter>
    </ClInclude>
    <ClInclude Include="Inc\InputManager.h">
      <Filter>Inc</Filter>
    </ClInclude>
    <ClInclude Include="Inc\RenderManager.h">
      <Filter>Inc</Filter>
    </ClInclude>
    <ClInclude Include="Inc\TextureManager.h">
      <Filter>Inc</Filter>
    </ClInclude>
    <ClInclude Include="Inc\WindowManager.h">
      <Filter>Inc</Filter>
    </ClInclude>
    <ClInclude Include="Inc\SpriteComponent.h">
      <Filter>Inc</Filter>
    </ClInclude>
    <ClInclude Include="Inc\HUD.h">
      <Filter>Inc</Filter>
    </ClInclude>
    <ClInclude Include="Inc\Texture.h">
      <Filter>Inc</Filter>
    </ClInclude>
    <ClInclude Include="Inc\NetworkManagerClient.h">
      <Filter>Inc</Filter>
    </ClInclude>
    <ClInclude Include="Inc\ReplicationManagerClient.h">
      <Filter>Inc</Filter>
    </ClInclude>
    <ClInclude Include="Inc\RoboCatClient.h">
      <Filter>Inc</Filter>
    </ClInclude>
    <ClInclude Include="Inc\MouseClient.h">
      <Filter>Inc</Filter>
    </ClInclude>
    <ClInclude Include="Inc\YarnClient.h">
      <Filter>Inc</Filter>
    </ClInclude>
  </ItemGroup>
</Project>