<?xml version="1.0" encoding="utf-8"?>
<Project ToolsVersion="4.0" xmlns="http://schemas.microsoft.com/developer/msbuild/2003">
  <ItemGroup>
    <Filter Include="Inc">
      <UniqueIdentifier>{e025ed2f-5fe1-413d-8ae5-b016fe62f7a3}</UniqueIdentifier>
    </Filter>
    <Filter Include="Resource Files">
      <UniqueIdentifier>{a3501858-23e2-463c-9c78-45619a43b3fc}</UniqueIdentifier>
    </Filter>
    <Filter Include="Src">
      <UniqueIdentifier>{6f49b9ee-b85e-4b01-a41f-7422aa993d1e}</UniqueIdentifier>
    </Filter>
  </ItemGroup>
  <ItemGroup>
    <ClCompile Include="Src\ServerMain.cpp">
      <Filter>Src</Filter>
    </ClCompile>
    <ClCompile Include="Src\RoboCatServerPCH.cpp">
      <Filter>Src</Filter>
    </ClCompile>
    <ClCompile Include="Src\Server.cpp">
      <Filter>Src</Filter>
    </ClCompile>
    <ClCompile Include="Src\NetworkManagerServer.cpp">
      <Filter>Src</Filter>
    </ClCompile>
    <ClCompile Include="Src\ClientProxy.cpp">
      <Filter>Src</Filter>
    </ClCompile>
    <ClCompile Include="Src\ReplicationManagerServer.cpp">
      <Filter>Src</Filter>
    </ClCompile>
    <ClCompile Include="Src\ReplicationManagerTransmissionData.cpp">
      <Filter>Src</Filter>
    </ClCompile>
    <ClCompile Include="Src\RoboCatServer.cpp">
      <Filter>Src</Filter>
    </ClCompile>
    <ClCompile Include="Src\MouseServer.cpp">
      <Filter>Src</Filter>
    </ClCompile>
    <ClCompile Include="Src\YarnServer.cpp">
      <Filter>Src</Filter>
    </ClCompile>
  </ItemGroup>
  <ItemGroup>
    <ClInclude Include="Inc\RoboCatServerPCH.h">
      <Filter>Inc</Filter>
    </ClInclude>
    <ClInclude Include="Inc\Server.h">
      <Filter>Inc</Filter>
    </ClInclude>
    <ClInclude Include="Inc\NetworkManagerServer.h">
      <Filter>Inc</Filter>
    </ClInclude>
    <ClInclude Include="Inc\ClientProxy.h">
      <Filter>Inc</Filter>
    </ClInclude>
    <ClInclude Include="Inc\ReplicationManagerServer.h">
      <Filter>Inc</Filter>
    </ClInclude>
    <ClInclude Include="Inc\ReplicationManagerTransmissionData.h">
      <Filter>Inc</Filter>
    </ClInclude>
    <ClInclude Include="Inc\RoboCatServer.h">
      <Filter>Inc</Filter>
    </ClInclude>
    <ClInclude Include="Inc\MouseServer.h">
      <Filter>Inc</Filter>
    </ClInclude>
    <ClInclude Include="Inc\YarnServer.h">
      <Filter>Inc</Filter>
    </ClInclude>
  </ItemGroup>
</Project>