<?xml version="1.0" encoding="utf-8"?>
<Project ToolsVersion="4.0" xmlns:atg="http://atg.xbox.com" xmlns="http://schemas.microsoft.com/developer/msbuild/2003">
  <ItemGroup>
    <Filter Include="Resource Files">
      <UniqueIdentifier>{8e114980-c1a3-4ada-ad7c-83caadf5daeb}</UniqueIdentifier>
      <Extensions>rc;ico;cur;bmp;dlg;rc2;rct;bin;rgs;gif;jpg;jpeg;jpe</Extensions>
    </Filter>
    <Filter Include="Inc">
      <UniqueIdentifier>{ac6b0ceb-0e73-4994-a8a4-4033393f065b}</UniqueIdentifier>
    </Filter>
    <Filter Include="Src">
      <UniqueIdentifier>{89699b45-dabd-463e-ae6b-cd0599d1e546}</UniqueIdentifier>
    </Filter>
  </ItemGroup>
  <ItemGroup>
    <ClInclude Include="Inc\GameObject.h">
      <Filter>Inc</Filter>
    </ClInclude>
    <ClInclude Include="Inc\World.h">
      <Filter>Inc</Filter>
    </ClInclude>
    <ClInclude Include="Inc\RoboCatPCH.h">
      <Filter>Inc</Filter>
    </ClInclude>
    <ClInclude Include="Inc\InputAction.h">
      <Filter>Inc</Filter>
    </ClInclude>
    <ClInclude Include="Inc\Timing.h">
      <Filter>Inc</Filter>
    </ClInclude>
    <ClInclude Include="Inc\GameObjectRegistry.h">
      <Filter>Inc</Filter>
    </ClInclude>
    <ClInclude Include="Inc\ScoreBoardManager.h">
      <Filter>Inc</Filter>
    </ClInclude>
    <ClInclude Include="Inc\StringUtils.h">
      <Filter>Inc</Filter>
    </ClInclude>
    <ClInclude Include="Inc\Engine.h">
      <Filter>Inc</Filter>
    </ClInclude>
    <ClInclude Include="Inc\InputState.h">
      <Filter>Inc</Filter>
    </ClInclude>
    <ClInclude Include="Inc\RoboCatShared.h">
      <Filter>Inc</Filter>
    </ClInclude>
    <ClInclude Include="Inc\UDPSocket.h">
      <Filter>Inc</Filter>
    </ClInclude>
    <ClInclude Include="Inc\SocketAddress.h">
      <Filter>Inc</Filter>
    </ClInclude>
    <ClInclude Include="Inc\NetworkManager.h">
      <Filter>Inc</Filter>
    </ClInclude>
    <ClInclude Include="Inc\WeightedTimedMovingAverage.h">
      <Filter>Inc</Filter>
    </ClInclude>
    <ClInclude Include="Inc\ReplicationCommand.h">
      <Filter>Inc</Filter>
    </ClInclude>
    <ClInclude Include="Inc\Move.h">
      <Filter>Inc</Filter>
    </ClInclude>
    <ClInclude Include="Inc\MoveList.h">
      <Filter>Inc</Filter>
    </ClInclude>
    <ClInclude Include="Inc\MemoryBitStream.h">
      <Filter>Inc</Filter>
    </ClInclude>
    <ClInclude Include="Inc\SocketAddressFactory.h">
      <Filter>Inc</Filter>
    </ClInclude>
    <ClInclude Include="Inc\SocketUtil.h">
      <Filter>Inc</Filter>
    </ClInclude>
    <ClInclude Include="Inc\RoboMath.h">
      <Filter>Inc</Filter>
    </ClInclude>
    <ClInclude Include="Inc\TCPSocket.h">
      <Filter>Inc</Filter>
    </ClInclude>
    <ClInclude Include="Inc\RoboCat.h">
      <Filter>Inc</Filter>
    </ClInclude>
    <ClInclude Include="Inc\Mouse.h">
      <Filter>Inc</Filter>
    </ClInclude>
    <ClInclude Include="Inc\Yarn.h">
      <Filter>Inc</Filter>
    </ClInclude>
  </ItemGroup>
  <ItemGroup>
    <ClCompile Include="Src\GameObject.cpp">
      <Filter>Src</Filter>
    </ClCompile>
    <ClCompile Include="Src\World.cpp">
      <Filter>Src</Filter>
    </ClCompile>
    <ClCompile Include="Src\RoboCatPCH.cpp">
      <Filter>Src</Filter>
    </ClCompile>
    <ClCompile Include="Src\Timing.cpp">
      <Filter>Src</Filter>
    </ClCompile>
    <ClCompile Include="Src\GameObjectRegistry.cpp">
      <Filter>Src</Filter>
    </ClCompile>
    <ClCompile Include="Src\ScoreBoardManager.cpp">
      <Filter>Src</Filter>
    </ClCompile>
    <ClCompile Include="Src\StringUtils.cpp">
      <Filter>Src</Filter>
    </ClCompile>
    <ClCompile Include="Src\Engine.cpp">
      <Filter>Src</Filter>
    </ClCompile>
    <ClCompile Include="Src\UDPSocket.cpp">
      <Filter>Src</Filter>
    </ClCompile>
    <ClCompile Include="Src\SocketAddress.cpp">
      <Filter>Src</Filter>
    </ClCompile>
    <ClCompile Include="Src\NetworkManager.cpp">
      <Filter>Src</Filter>
    </ClCompile>
    <ClCompile Include="Src\InputState.cpp">
      <Filter>Src</Filter>
    </ClCompile>
    <ClCompile Include="Src\Move.cpp">
      <Filter>Src</Filter>
    </ClCompile>
    <ClCompile Include="Src\MoveList.cpp">
      <Filter>Src</Filter>
    </ClCompile>
    <ClCompile Include="Src\MemoryBitStream.cpp">
      <Filter>Src</Filter>
    </ClCompile>
    <ClCompile Include="Src\RoboMath.cpp">
      <Filter>Src</Filter>
    </ClCompile>
    <ClCompile Include="Src\SocketAddressFactory.cpp">
      <Filter>Src</Filter>
    </ClCompile>
    <ClCompile Include="Src\SocketUtil.cpp">
      <Filter>Src</Filter>
    </ClCompile>
    <ClCompile Include="Src\TCPSocket.cpp">
      <Filter>Src</Filter>
    </ClCompile>
    <ClCompile Include="Src\RoboCat.cpp">
      <Filter>Src</Filter>
    </ClCompile>
    <ClCompile Include="Src\Mouse.cpp">
      <Filter>Src</Filter>
    </ClCompile>
    <ClCompile Include="Src\Yarn.cpp">
      <Filter>Src</Filter>
    </ClCompile>
  </ItemGroup>
</Project>